hash: b52c30c2dbb1faddd9b68d3e341c44d13e7f2e299e121c537628f9d39dcff50e
updated: 2019-07-11T13:03:46.617962946+01:00
imports:
- name: github.com/alecthomas/kingpin
  version: 947dcec5ba9c011838740e680966fd7087a71d0d
- name: github.com/alecthomas/template
  version: a0175ee3bccc567396460bf5acd36800cb10c49c
  subpackages:
  - parse
- name: github.com/alecthomas/units
  version: 2efee857e7cfd4f3d0138cc3cbb1b4966962b93a
- name: github.com/clwilliams/tlCommonMessaging
  version: 4c055d4698d27cffd6e8c6a83e4eccc7f7b6c5bf
  subpackages:
  - rabbitMQ
- name: github.com/radovskyb/watcher
  version: d8b41ca2397a9b5cfc26adb10edbbcde40187a87
- name: github.com/rs/zerolog
  version: acf3980132bfcdc48638724e6e3d9e5749b85999
  subpackages:
  - internal/cbor
  - internal/json
  - log
- name: github.com/streadway/amqp
  version: 75d898a42a940fbc854dfd1a4199eabdc00cf024
testImports: []
